
Microsoft Visual Studio Solution File, Format Version 12.00
# Visual Studio Version 17
VisualStudioVersion = 17.10.35013.160
MinimumVisualStudioVersion = 10.0.40219.1
Project("{9A19103F-16F7-4668-BE54-9A1E7A4F7556}") = "MysticExpeditions.Mobile", "MysticExpeditions.Mobile\MysticExpeditions.Mobile.csproj", "{D3A1992B-E062-4F81-9E70-ABD64A93D751}"
EndProject
Project("{2150E333-8FDC-42A3-9474-1A3956D46DE8}") = "Solution Items", "Solution Items", "{88929FAF-D028-4CAF-82E5-3B489FD3E976}"
	ProjectSection(SolutionItems) = preProject
		.gitignore = .gitignore
	EndProjectSection
EndProject
Project("{9A19103F-16F7-4668-BE54-9A1E7A4F7556}") = "MysticExpeditions.Client", "MysticExpeditions.Client\MysticExpeditions.Client.csproj", "{C96DBC1A-53E7-43E8-B3B7-9BDC92FFC5A4}"
EndProject
Project("{9A19103F-16F7-4668-BE54-9A1E7A4F7556}") = "MysticExpeditions.Api", "MysticExpeditions.Api\MysticExpeditions.Api.csproj", "{D00ABDBF-06E9-4851-8B0F-EF571AC0E9A7}"
EndProject
Project("{9A19103F-16F7-4668-BE54-9A1E7A4F7556}") = "MysticExpeditions.Domain", "MysticExpeditions.Domain\MysticExpeditions.Domain.csproj", "{829085F3-67A4-4F8F-B1A5-D56974F3BB86}"
EndProject
Global
	GlobalSection(SolutionConfigurationPlatforms) = preSolution
		Debug|Any CPU = Debug|Any CPU
		Release|Any CPU = Release|Any CPU
	EndGlobalSection
	GlobalSection(ProjectConfigurationPlatforms) = postSolution
		{D3A1992B-E062-4F81-9E70-ABD64A93D751}.Debug|Any CPU.ActiveCfg = Debug|Any CPU
		{D3A1992B-E062-4F81-9E70-ABD64A93D751}.Debug|Any CPU.Build.0 = Debug|Any CPU
		{D3A1992B-E062-4F81-9E70-ABD64A93D751}.Debug|Any CPU.Deploy.0 = Debug|Any CPU
		{D3A1992B-E062-4F81-9E70-ABD64A93D751}.Release|Any CPU.ActiveCfg = Release|Any CPU
		{D3A1992B-E062-4F81-9E70-ABD64A93D751}.Release|Any CPU.Build.0 = Release|Any CPU
		{D3A1992B-E062-4F81-9E70-ABD64A93D751}.Release|Any CPU.Deploy.0 = Release|Any CPU
		{C96DBC1A-53E7-43E8-B3B7-9BDC92FFC5A4}.Debug|Any CPU.ActiveCfg = Debug|Any CPU
		{C96DBC1A-53E7-43E8-B3B7-9BDC92FFC5A4}.Debug|Any CPU.Build.0 = Debug|Any CPU
		{C96DBC1A-53E7-43E8-B3B7-9BDC92FFC5A4}.Release|Any CPU.ActiveCfg = Release|Any CPU
		{C96DBC1A-53E7-43E8-B3B7-9BDC92FFC5A4}.Release|Any CPU.Build.0 = Release|Any CPU
		{D00ABDBF-06E9-4851-8B0F-EF571AC0E9A7}.Debug|Any CPU.ActiveCfg = Debug|Any CPU
		{D00ABDBF-06E9-4851-8B0F-EF571AC0E9A7}.Debug|Any CPU.Build.0 = Debug|Any CPU
		{D00ABDBF-06E9-4851-8B0F-EF571AC0E9A7}.Release|Any CPU.ActiveCfg = Release|Any CPU
		{D00ABDBF-06E9-4851-8B0F-EF571AC0E9A7}.Release|Any CPU.Build.0 = Release|Any CPU
		{829085F3-67A4-4F8F-B1A5-D56974F3BB86}.Debug|Any CPU.ActiveCfg = Debug|Any CPU
		{829085F3-67A4-4F8F-B1A5-D56974F3BB86}.Debug|Any CPU.Build.0 = Debug|Any CPU
		{829085F3-67A4-4F8F-B1A5-D56974F3BB86}.Release|Any CPU.ActiveCfg = Release|Any CPU
		{829085F3-67A4-4F8F-B1A5-D56974F3BB86}.Release|Any CPU.Build.0 = Release|Any CPU
	EndGlobalSection
	GlobalSection(SolutionProperties) = preSolution
		HideSolutionNode = FALSE
	EndGlobalSection
	GlobalSection(ExtensibilityGlobals) = postSolution
		SolutionGuid = {934F3AC3-865C-4143-86BA-64415DB3ACEF}
	EndGlobalSection
EndGlobal
